<?xml version="1.0" encoding="utf-8"?>
<Project xmlns="http://schemas.microsoft.com/developer/msbuild/2003">
  <ItemGroup>
    <Filter Include="Form Files">
      <UniqueIdentifier>{99349809-55BA-4b9d-BF79-8FDBB0286EB3}</UniqueIdentifier>
      <Extensions>ui</Extensions>
      <ParseFiles>false</ParseFiles>
    </Filter>
    <Filter Include="Form Files">
      <UniqueIdentifier>{99349809-55BA-4b9d-BF79-8FDBB0286EB3}</UniqueIdentifier>
      <Extensions>ui</Extensions>
      <ParseFiles>false</ParseFiles>
    </Filter>
    <Filter Include="Generated Files">
      <UniqueIdentifier>{71ED8ED8-ACB9-4CE9-BBE1-E00B30144E11}</UniqueIdentifier>
      <Extensions>cpp;c;cxx;moc;h;def;odl;idl;res;</Extensions>
    </Filter>
    <Filter Include="Generated Files">
      <UniqueIdentifier>{71ED8ED8-ACB9-4CE9-BBE1-E00B30144E11}</UniqueIdentifier>
      <Extensions>cpp;c;cxx;moc;h;def;odl;idl;res;</Extensions>
    </Filter>
    <Filter Include="Header Files">
      <UniqueIdentifier>{93995380-89BD-4b04-88EB-625FBE52EBFB}</UniqueIdentifier>
      <Extensions>h;hpp;hxx;hm;inl;inc;xsd</Extensions>
    </Filter>
    <Filter Include="Header Files">
      <UniqueIdentifier>{93995380-89BD-4b04-88EB-625FBE52EBFB}</UniqueIdentifier>
      <Extensions>h;hpp;hxx;hm;inl;inc;xsd</Extensions>
    </Filter>
    <Filter Include="Resource Files">
      <UniqueIdentifier>{D9D6E242-F8AF-46E4-B9FD-80ECBC20BA3E}</UniqueIdentifier>
      <Extensions>qrc;*</Extensions>
      <ParseFiles>false</ParseFiles>
    </Filter>
    <Filter Include="Resource Files">
      <UniqueIdentifier>{D9D6E242-F8AF-46E4-B9FD-80ECBC20BA3E}</UniqueIdentifier>
      <Extensions>qrc;*</Extensions>
      <ParseFiles>false</ParseFiles>
    </Filter>
    <Filter Include="Source Files">
      <UniqueIdentifier>{4FC737F1-C7A5-4376-A066-2A32D752A2FF}</UniqueIdentifier>
      <Extensions>cpp;c;cxx;def;odl;idl;hpj;bat;asm;asmx</Extensions>
    </Filter>
    <Filter Include="Source Files">
      <UniqueIdentifier>{4FC737F1-C7A5-4376-A066-2A32D752A2FF}</UniqueIdentifier>
      <Extensions>cpp;c;cxx;def;odl;idl;hpj;bat;asm;asmx</Extensions>
    </Filter>
    <Filter Include="Distribution Files">
      <UniqueIdentifier>{B83CAF91-C7BF-462F-B76C-EA11631F866C}</UniqueIdentifier>
      <Extensions>*</Extensions>
      <ParseFiles>false</ParseFiles>
    </Filter>
    <Filter Include="Distribution Files">
      <UniqueIdentifier>{B83CAF91-C7BF-462F-B76C-EA11631F866C}</UniqueIdentifier>
      <Extensions>*</Extensions>
      <ParseFiles>false</ParseFiles>
    </Filter>
  </ItemGroup>
  <ItemGroup>
    <ClCompile Include="AdminHomeBage.cpp">
      <Filter>Source Files</Filter>
    </ClCompile>
    <ClCompile Include="Graph.cpp">
      <Filter>Source Files</Filter>
    </ClCompile>
    <ClCompile Include="Station.cpp">
      <Filter>Source Files</Filter>
    </ClCompile>
    <ClCompile Include="StationClass.cpp">
      <Filter>Source Files</Filter>
    </ClCompile>
    <ClCompile Include="addsub.cpp">
      <Filter>Source Files</Filter>
    </ClCompile>
    <ClCompile Include="admin.cpp">
      <Filter>Source Files</Filter>
    </ClCompile>
    <ClCompile Include="adminmanagemetroaddstation.cpp">
      <Filter>Source Files</Filter>
    </ClCompile>
    <ClCompile Include="adminmanagemetrootions.cpp">
      <Filter>Source Files</Filter>
    </ClCompile>
    <ClCompile Include="adminmanagemetroremovestation.cpp">
      <Filter>Source Files</Filter>
    </ClCompile>
    <ClCompile Include="adminstations.cpp">
      <Filter>Source Files</Filter>
    </ClCompile>
    <ClCompile Include="admonmanagemetrooptions.cpp">
      <Filter>Source Files</Filter>
    </ClCompile>
    <ClCompile Include="historypage.cpp">
      <Filter>Source Files</Filter>
    </ClCompile>
    <ClCompile Include="loginpage.cpp">
      <Filter>Source Files</Filter>
    </ClCompile>
    <ClCompile Include="main.cpp">
      <Filter>Source Files</Filter>
    </ClCompile>
    <ClCompile Include="mainpage.cpp">
      <Filter>Source Files</Filter>
    </ClCompile>
    <ClCompile Include="manage_metro.cpp">
      <Filter>Source Files</Filter>
    </ClCompile>
    <ClCompile Include="removesub.cpp">
      <Filter>Source Files</Filter>
    </ClCompile>
    <ClCompile Include="renewsub.cpp">
      <Filter>Source Files</Filter>
    </ClCompile>
    <ClCompile Include="searchpage.cpp">
      <Filter>Source Files</Filter>
    </ClCompile>
    <ClCompile Include="signuppage.cpp">
      <Filter>Source Files</Filter>
    </ClCompile>
    <ClCompile Include="stat1month.cpp">
      <Filter>Source Files</Filter>
    </ClCompile>
    <ClCompile Include="stat3months.cpp">
      <Filter>Source Files</Filter>
    </ClCompile>
    <ClCompile Include="stat6months.cpp">
      <Filter>Source Files</Filter>
    </ClCompile>
    <ClCompile Include="submanage.cpp">
      <Filter>Source Files</Filter>
    </ClCompile>
    <ClCompile Include="subscription.cpp">
      <Filter>Source Files</Filter>
    </ClCompile>
    <ClCompile Include="ticket.cpp">
      <Filter>Source Files</Filter>
    </ClCompile>
    <ClCompile Include="ticketpage.cpp">
      <Filter>Source Files</Filter>
    </ClCompile>
    <ClCompile Include="userdata.cpp">
      <Filter>Source Files</Filter>
    </ClCompile>
    <ClCompile Include="verfication.cpp">
      <Filter>Source Files</Filter>
    </ClCompile>
  </ItemGroup>
  <ItemGroup>
    <ClInclude Include="AdminHomeBage.h">
      <Filter>Header Files</Filter>
    </ClInclude>
    <ClInclude Include="Graph.h">
      <Filter>Header Files</Filter>
    </ClInclude>
    <ClInclude Include="Station.h">
      <Filter>Header Files</Filter>
    </ClInclude>
    <ClInclude Include="StationClass.h">
      <Filter>Header Files</Filter>
    </ClInclude>
    <QtMoc Include="addsub.h">
      <Filter>Header Files</Filter>
    </QtMoc>
    <QtMoc Include="admin.h">
      <Filter>Header Files</Filter>
    </QtMoc>
    <QtMoc Include="adminmanagemetroaddstation.h">
      <Filter>Header Files</Filter>
    </QtMoc>
    <QtMoc Include="adminmanagemetrootions.h">
      <Filter>Header Files</Filter>
    </QtMoc>
    <QtMoc Include="adminmanagemetroremovestation.h">
      <Filter>Header Files</Filter>
    </QtMoc>
    <QtMoc Include="adminstations.h">
      <Filter>Header Files</Filter>
    </QtMoc>
    <QtMoc Include="admonmanagemetrooptions.h">
      <Filter>Header Files</Filter>
    </QtMoc>
    <QtMoc Include="historypage.h">
      <Filter>Header Files</Filter>
    </QtMoc>
    <QtMoc Include="loginpage.h">
      <Filter>Header Files</Filter>
    </QtMoc>
    <QtMoc Include="mainpage.h">
      <Filter>Header Files</Filter>
    </QtMoc>
    <QtMoc Include="manage_metro.h">
      <Filter>Header Files</Filter>
    </QtMoc>
    <QtMoc Include="removesub.h">
      <Filter>Header Files</Filter>
    </QtMoc>
    <QtMoc Include="renewsub.h">
      <Filter>Header Files</Filter>
    </QtMoc>
    <QtMoc Include="searchpage.h">
      <Filter>Header Files</Filter>
    </QtMoc>
    <QtMoc Include="signuppage.h">
      <Filter>Header Files</Filter>
    </QtMoc>
    <QtMoc Include="stat1month.h">
      <Filter>Header Files</Filter>
    </QtMoc>
    <QtMoc Include="stat3months.h">
      <Filter>Header Files</Filter>
    </QtMoc>
    <QtMoc Include="stat6months.h">
      <Filter>Header Files</Filter>
    </QtMoc>
    <QtMoc Include="submanage.h">
      <Filter>Header Files</Filter>
    </QtMoc>
    <QtMoc Include="subscription.h">
      <Filter>Header Files</Filter>
    </QtMoc>
    <QtMoc Include="ticket.h">
      <Filter>Header Files</Filter>
    </QtMoc>
    <QtMoc Include="ticketpage.h">
      <Filter>Header Files</Filter>
    </QtMoc>
    <QtMoc Include="userdata.h">
      <Filter>Header Files</Filter>
    </QtMoc>
    <QtMoc Include="verfication.h">
      <Filter>Header Files</Filter>
    </QtMoc>
  </ItemGroup>
  <ItemGroup>
    <CustomBuild Include="debug\moc_predefs.h.cbt">
      <Filter>Generated Files</Filter>
    </CustomBuild>
    <CustomBuild Include="release\moc_predefs.h.cbt">
      <Filter>Generated Files</Filter>
    </CustomBuild>
  </ItemGroup>
  <ItemGroup>
    <QtUic Include="AdminHomeBage.ui">
      <Filter>Form Files</Filter>
    </QtUic>
    <QtUic Include="DialogButtonBottom.ui">
      <Filter>Form Files</Filter>
    </QtUic>
    <QtUic Include="addsub.ui">
      <Filter>Form Files</Filter>
    </QtUic>
    <QtUic Include="admin.ui">
      <Filter>Form Files</Filter>
    </QtUic>
    <QtUic Include="adminmanagemetroaddstation.ui">
      <Filter>Form Files</Filter>
    </QtUic>
    <QtUic Include="adminmanagemetrootions.ui">
      <Filter>Form Files</Filter>
    </QtUic>
    <QtUic Include="adminmanagemetroremovestation.ui">
      <Filter>Form Files</Filter>
    </QtUic>
    <QtUic Include="adminstations.ui">
      <Filter>Form Files</Filter>
    </QtUic>
    <QtUic Include="admonmanagemetrooptions.ui">
      <Filter>Form Files</Filter>
    </QtUic>
    <QtUic Include="historypage.ui">
      <Filter>Form Files</Filter>
    </QtUic>
    <QtUic Include="loginpage.ui">
      <Filter>Form Files</Filter>
    </QtUic>
    <QtUic Include="mainpage.ui">
      <Filter>Form Files</Filter>
    </QtUic>
    <QtUic Include="manage_metro.ui">
      <Filter>Form Files</Filter>
    </QtUic>
    <QtUic Include="removesub.ui">
      <Filter>Form Files</Filter>
    </QtUic>
    <QtUic Include="renewsub.ui">
      <Filter>Form Files</Filter>
    </QtUic>
    <QtUic Include="searchpage.ui">
      <Filter>Form Files</Filter>
    </QtUic>
    <QtUic Include="signuppage.ui">
      <Filter>Form Files</Filter>
    </QtUic>
    <QtUic Include="stat1month.ui">
      <Filter>Form Files</Filter>
    </QtUic>
    <QtUic Include="stat3months.ui">
      <Filter>Form Files</Filter>
    </QtUic>
    <QtUic Include="stat6months.ui">
      <Filter>Form Files</Filter>
    </QtUic>
    <QtUic Include="submanage.ui">
      <Filter>Form Files</Filter>
    </QtUic>
    <QtUic Include="subscription.ui">
      <Filter>Form Files</Filter>
    </QtUic>
    <QtUic Include="ticket.ui">
      <Filter>Form Files</Filter>
    </QtUic>
    <QtUic Include="ticketpage.ui">
      <Filter>Form Files</Filter>
    </QtUic>
    <QtUic Include="userdata.ui">
      <Filter>Form Files</Filter>
    </QtUic>
    <QtUic Include="verfication.ui">
      <Filter>Form Files</Filter>
    </QtUic>
  </ItemGroup>
  <ItemGroup>
    <None Include="img\149071.png">
      <Filter>Resource Files</Filter>
    </None>
    <None Include="img\16041_tn_eg-cairo-metro-line3-train-impression-hyundairotem.jpg">
      <Filter>Resource Files</Filter>
    </None>
    <None Include="img\20221220_CairoMetroMap2.png">
      <Filter>Resource Files</Filter>
    </None>
    <None Include="img\422833-PE4141-817 (2).png">
      <Filter>Resource Files</Filter>
    </None>
    <None Include="img\default_qrcode.png">
      <Filter>Resource Files</Filter>
    </None>
    <None Include="img\down.png">
      <Filter>Resource Files</Filter>
    </None>
    <None Include="img\download.png">
      <Filter>Resource Files</Filter>
    </None>
    <None Include="img\entrance.png">
      <Filter>Resource Files</Filter>
    </None>
    <None Include="img\health-report.png">
      <Filter>Resource Files</Filter>
    </None>
    <None Include="img\home (1).png">
      <Filter>Resource Files</Filter>
    </None>
    <None Include="img\infographic.png">
      <Filter>Resource Files</Filter>
    </None>
    <None Include="img\left-arrow.png">
      <Filter>Resource Files</Filter>
    </None>
    <None Include="img\location.png">
      <Filter>Resource Files</Filter>
    </None>
    <None Include="img\man.png">
      <Filter>Resource Files</Filter>
    </None>
    <None Include="img\map-point.png">
      <Filter>Resource Files</Filter>
    </None>
    <None Include="img\one.png">
      <Filter>Resource Files</Filter>
    </None>
    <None Include="img\reject.png">
      <Filter>Resource Files</Filter>
    </None>
    <QtRcc Include="res.qrc">
      <Filter>Resource Files</Filter>
    </QtRcc>
    <None Include="img\six.png">
      <Filter>Resource Files</Filter>
    </None>
    <None Include="img\subway.png">
      <Filter>Resource Files</Filter>
    </None>
    <None Include="img\three.png">
      <Filter>Resource Files</Filter>
    </None>
    <None Include="img\ticket.png">
      <Filter>Resource Files</Filter>
    </None>
    <None Include="img\train.png">
      <Filter>Resource Files</Filter>
    </None>
  </ItemGroup>
  <ItemGroup>
    <None Include="-">
      <Filter>Distribution Files</Filter>
    </None>
    <None Include="Backup.vcxproj.user">
      <Filter>Distribution Files</Filter>
    </None>
    <None Include="proj_trial_3">
      <Filter>Distribution Files</Filter>
    </None>
    <None Include="proj_trial_3.pro.user">
      <Filter>Distribution Files</Filter>
    </None>
    <None Include="proj_trial_3.pro.user.271141c">
      <Filter>Distribution Files</Filter>
    </None>
    <None Include="proj_trial_3.pro.user.2ff5dd2">
      <Filter>Distribution Files</Filter>
    </None>
    <None Include="proj_trial_3.pro.user.4474141">
      <Filter>Distribution Files</Filter>
    </None>
    <None Include="proj_trial_3.pro.user.b9763a2">
      <Filter>Distribution Files</Filter>
    </None>
    <None Include="proj_trial_3.sln">
      <Filter>Distribution Files</Filter>
    </None>
    <None Include="proj_trial_3.vcxproj">
      <Filter>Distribution Files</Filter>
    </None>
    <None Include="proj_trial_3.vcxproj.filters">
      <Filter>Distribution Files</Filter>
    </None>
    <None Include="proj_trial_3.vcxproj.user">
      <Filter>Distribution Files</Filter>
    </None>
    <None Include="img\stations_name.txt">
      <Filter>Distribution Files</Filter>
    </None>
  </ItemGroup>
</Project>